
Microsoft Visual Studio Solution File, Format Version 12.00
# Visual Studio Version 16
VisualStudioVersion = 16.0.29709.97
MinimumVisualStudioVersion = 10.0.40219.1
Project("{FAE04EC0-301F-11D3-BF4B-00C04F79EFBC}") = "Colonize.Website", "Colonize.Website\Colonize.Website.csproj", "{25CCECDF-7BBD-4737-BE47-12AF107FBA3D}"
EndProject
Global
	GlobalSection(SolutionConfigurationPlatforms) = preSolution
		Debug|Any CPU = Debug|Any CPU
		Release|Any CPU = Release|Any CPU
	EndGlobalSection
	GlobalSection(ProjectConfigurationPlatforms) = postSolution
		{25CCECDF-7BBD-4737-BE47-12AF107FBA3D}.Debug|Any CPU.ActiveCfg = Debug|Any CPU
		{25CCECDF-7BBD-4737-BE47-12AF107FBA3D}.Debug|Any CPU.Build.0 = Debug|Any CPU
		{25CCECDF-7BBD-4737-BE47-12AF107FBA3D}.Release|Any CPU.ActiveCfg = Release|Any CPU
		{25CCECDF-7BBD-4737-BE47-12AF107FBA3D}.Release|Any CPU.Build.0 = Release|Any CPU
	EndGlobalSection
	GlobalSection(SolutionProperties) = preSolution
		HideSolutionNode = FALSE
	EndGlobalSection
	GlobalSection(ExtensibilityGlobals) = postSolution
		SolutionGuid = {A79316DD-617A-45E8-8048-8F810EA64694}
	EndGlobalSection
EndGlobal
